
Microsoft Visual Studio Solution File, Format Version 12.00
# Visual Studio Version 16
VisualStudioVersion = 16.0.30517.126
MinimumVisualStudioVersion = 10.0.40219.1
Project("{9A19103F-16F7-4668-BE54-9A1E7A4F7556}") = "DSA_Class_Work_lesson1", "DSA_2020__Class_Work_lesson1\DSA_Class_Work_lesson1.csproj", "{2FA5D3D8-8E8D-4EFA-AC6A-594F10E53C0B}"
EndProject
Project("{9A19103F-16F7-4668-BE54-9A1E7A4F7556}") = "DSA_Homework_1", "DataStructures_Homework_1\DSA_Homework_1.csproj", "{85F3937E-4C36-48BC-A178-23A13DF55DC9}"
EndProject
Project("{9A19103F-16F7-4668-BE54-9A1E7A4F7556}") = "DSA_Class_Work_lesson2", "DSA_Class_Work_lesson2\DSA_Class_Work_lesson2.csproj", "{D3B8FA71-C26D-4814-A813-4FDFB7A8E24C}"
EndProject
Project("{9A19103F-16F7-4668-BE54-9A1E7A4F7556}") = "DSA_Homework_2", "DSA_Homework_2\DSA_Homework_2.csproj", "{067C3471-6459-46A4-BA67-6364A810403E}"
EndProject
Project("{9A19103F-16F7-4668-BE54-9A1E7A4F7556}") = "DSA_Class_Work_lesson_5", "DSA_Class_Work_lesson3\DSA_Class_Work_lesson_5.csproj", "{165AF3CB-5F32-4762-BB2A-6FD578331E40}"
EndProject
Project("{9A19103F-16F7-4668-BE54-9A1E7A4F7556}") = "DSA_Class_Work_lesson_6", "DSA_Class_Work_lesson4\DSA_Class_Work_lesson_6.csproj", "{C7068D70-8DCF-4F05-A1C9-D44F246BA7FA}"
EndProject
Project("{9A19103F-16F7-4668-BE54-9A1E7A4F7556}") = "DSA_Class_Work_lesson_7", "DSA_Class_Work_lesson5\DSA_Class_Work_lesson_7.csproj", "{D36858FF-1A12-4D4C-A36C-56BB9E285825}"
EndProject
Project("{9A19103F-16F7-4668-BE54-9A1E7A4F7556}") = "DSA_Class_Work_lesson_11", "DSA_Class_Work_lesson_8\DSA_Class_Work_lesson_11.csproj", "{C7645825-1D5E-4AB6-88BC-C6125F550D24}"
EndProject
Global
	GlobalSection(SolutionConfigurationPlatforms) = preSolution
		Debug|Any CPU = Debug|Any CPU
		Release|Any CPU = Release|Any CPU
	EndGlobalSection
	GlobalSection(ProjectConfigurationPlatforms) = postSolution
		{2FA5D3D8-8E8D-4EFA-AC6A-594F10E53C0B}.Debug|Any CPU.ActiveCfg = Debug|Any CPU
		{2FA5D3D8-8E8D-4EFA-AC6A-594F10E53C0B}.Debug|Any CPU.Build.0 = Debug|Any CPU
		{2FA5D3D8-8E8D-4EFA-AC6A-594F10E53C0B}.Release|Any CPU.ActiveCfg = Release|Any CPU
		{2FA5D3D8-8E8D-4EFA-AC6A-594F10E53C0B}.Release|Any CPU.Build.0 = Release|Any CPU
		{85F3937E-4C36-48BC-A178-23A13DF55DC9}.Debug|Any CPU.ActiveCfg = Debug|Any CPU
		{85F3937E-4C36-48BC-A178-23A13DF55DC9}.Debug|Any CPU.Build.0 = Debug|Any CPU
		{85F3937E-4C36-48BC-A178-23A13DF55DC9}.Release|Any CPU.ActiveCfg = Release|Any CPU
		{85F3937E-4C36-48BC-A178-23A13DF55DC9}.Release|Any CPU.Build.0 = Release|Any CPU
		{D3B8FA71-C26D-4814-A813-4FDFB7A8E24C}.Debug|Any CPU.ActiveCfg = Debug|Any CPU
		{D3B8FA71-C26D-4814-A813-4FDFB7A8E24C}.Debug|Any CPU.Build.0 = Debug|Any CPU
		{D3B8FA71-C26D-4814-A813-4FDFB7A8E24C}.Release|Any CPU.ActiveCfg = Release|Any CPU
		{D3B8FA71-C26D-4814-A813-4FDFB7A8E24C}.Release|Any CPU.Build.0 = Release|Any CPU
		{067C3471-6459-46A4-BA67-6364A810403E}.Debug|Any CPU.ActiveCfg = Debug|Any CPU
		{067C3471-6459-46A4-BA67-6364A810403E}.Debug|Any CPU.Build.0 = Debug|Any CPU
		{067C3471-6459-46A4-BA67-6364A810403E}.Release|Any CPU.ActiveCfg = Release|Any CPU
		{067C3471-6459-46A4-BA67-6364A810403E}.Release|Any CPU.Build.0 = Release|Any CPU
		{165AF3CB-5F32-4762-BB2A-6FD578331E40}.Debug|Any CPU.ActiveCfg = Debug|Any CPU
		{165AF3CB-5F32-4762-BB2A-6FD578331E40}.Debug|Any CPU.Build.0 = Debug|Any CPU
		{165AF3CB-5F32-4762-BB2A-6FD578331E40}.Release|Any CPU.ActiveCfg = Release|Any CPU
		{165AF3CB-5F32-4762-BB2A-6FD578331E40}.Release|Any CPU.Build.0 = Release|Any CPU
		{C7068D70-8DCF-4F05-A1C9-D44F246BA7FA}.Debug|Any CPU.ActiveCfg = Debug|Any CPU
		{C7068D70-8DCF-4F05-A1C9-D44F246BA7FA}.Debug|Any CPU.Build.0 = Debug|Any CPU
		{C7068D70-8DCF-4F05-A1C9-D44F246BA7FA}.Release|Any CPU.ActiveCfg = Release|Any CPU
		{C7068D70-8DCF-4F05-A1C9-D44F246BA7FA}.Release|Any CPU.Build.0 = Release|Any CPU
		{D36858FF-1A12-4D4C-A36C-56BB9E285825}.Debug|Any CPU.ActiveCfg = Debug|Any CPU
		{D36858FF-1A12-4D4C-A36C-56BB9E285825}.Debug|Any CPU.Build.0 = Debug|Any CPU
		{D36858FF-1A12-4D4C-A36C-56BB9E285825}.Release|Any CPU.ActiveCfg = Release|Any CPU
		{D36858FF-1A12-4D4C-A36C-56BB9E285825}.Release|Any CPU.Build.0 = Release|Any CPU
		{C7645825-1D5E-4AB6-88BC-C6125F550D24}.Debug|Any CPU.ActiveCfg = Debug|Any CPU
		{C7645825-1D5E-4AB6-88BC-C6125F550D24}.Debug|Any CPU.Build.0 = Debug|Any CPU
		{C7645825-1D5E-4AB6-88BC-C6125F550D24}.Release|Any CPU.ActiveCfg = Release|Any CPU
		{C7645825-1D5E-4AB6-88BC-C6125F550D24}.Release|Any CPU.Build.0 = Release|Any CPU
	EndGlobalSection
	GlobalSection(SolutionProperties) = preSolution
		HideSolutionNode = FALSE
	EndGlobalSection
	GlobalSection(ExtensibilityGlobals) = postSolution
		SolutionGuid = {CD873851-DF95-49BF-BA32-21E916CD1895}
	EndGlobalSection
EndGlobal
